
Microsoft Visual Studio Solution File, Format Version 12.00
# Visual Studio Version 17
VisualStudioVersion = 17.14.36603.0 d17.14
MinimumVisualStudioVersion = 10.0.40219.1
Project("{FAE04EC0-301F-11D3-BF4B-00C04F79EFBC}") = "MauiLocationHeatmap", "MauiLocationHeatmap\MauiLocationHeatmap.csproj", "{BD0B3551-39FA-435C-8A5A-F136F77C8097}"
EndProject
Global
	GlobalSection(SolutionConfigurationPlatforms) = preSolution
		Debug|Any CPU = Debug|Any CPU
		Release|Any CPU = Release|Any CPU
	EndGlobalSection
	GlobalSection(ProjectConfigurationPlatforms) = postSolution
		{BD0B3551-39FA-435C-8A5A-F136F77C8097}.Debug|Any CPU.ActiveCfg = Debug|Any CPU
		{BD0B3551-39FA-435C-8A5A-F136F77C8097}.Debug|Any CPU.Build.0 = Debug|Any CPU
		{BD0B3551-39FA-435C-8A5A-F136F77C8097}.Release|Any CPU.ActiveCfg = Release|Any CPU
		{BD0B3551-39FA-435C-8A5A-F136F77C8097}.Release|Any CPU.Build.0 = Release|Any CPU
	EndGlobalSection
	GlobalSection(SolutionProperties) = preSolution
		HideSolutionNode = FALSE
	EndGlobalSection
	GlobalSection(ExtensibilityGlobals) = postSolution
		SolutionGuid = {FE04A549-3A22-4F95-8988-1DC60816527B}
	EndGlobalSection
EndGlobal
